
Microsoft Visual Studio Solution File, Format Version 12.00
# Visual Studio 15
VisualStudioVersion = 15.0.26124.0
MinimumVisualStudioVersion = 15.0.26124.0
Project("{2150E333-8FDC-42A3-9474-1A3956D46DE8}") = "Classes", "Classes", "{87730E13-E8A3-4C9E-868C-AA00B99E88BB}"
EndProject
Project("{FAE04EC0-301F-11D3-BF4B-00C04F79EFBC}") = "Game", "Classes\Game\Game.csproj", "{D0E154D4-CABC-4347-B1DD-28E2C6249ECF}"
EndProject
Project("{FAE04EC0-301F-11D3-BF4B-00C04F79EFBC}") = "Player", "Classes\Player\Player.csproj", "{A2D487E7-25CF-4629-BC34-E59C420FEA60}"
EndProject
Project("{2150E333-8FDC-42A3-9474-1A3956D46DE8}") = "Tests", "Tests", "{D6E8E1B4-3C61-4274-A2A4-187538BAB709}"
EndProject
Project("{FAE04EC0-301F-11D3-BF4B-00C04F79EFBC}") = "Human.Tests", "Tests\Human.Tests\Human.Tests.csproj", "{DFF4C8D5-1E65-4D3C-A478-15D02E9CD9EE}"
EndProject
Global
	GlobalSection(SolutionConfigurationPlatforms) = preSolution
		Debug|Any CPU = Debug|Any CPU
		Debug|x64 = Debug|x64
		Debug|x86 = Debug|x86
		Release|Any CPU = Release|Any CPU
		Release|x64 = Release|x64
		Release|x86 = Release|x86
	EndGlobalSection
	GlobalSection(SolutionProperties) = preSolution
		HideSolutionNode = FALSE
	EndGlobalSection
	GlobalSection(ProjectConfigurationPlatforms) = postSolution
		{D0E154D4-CABC-4347-B1DD-28E2C6249ECF}.Debug|Any CPU.ActiveCfg = Debug|Any CPU
		{D0E154D4-CABC-4347-B1DD-28E2C6249ECF}.Debug|Any CPU.Build.0 = Debug|Any CPU
		{D0E154D4-CABC-4347-B1DD-28E2C6249ECF}.Debug|x64.ActiveCfg = Debug|Any CPU
		{D0E154D4-CABC-4347-B1DD-28E2C6249ECF}.Debug|x64.Build.0 = Debug|Any CPU
		{D0E154D4-CABC-4347-B1DD-28E2C6249ECF}.Debug|x86.ActiveCfg = Debug|Any CPU
		{D0E154D4-CABC-4347-B1DD-28E2C6249ECF}.Debug|x86.Build.0 = Debug|Any CPU
		{D0E154D4-CABC-4347-B1DD-28E2C6249ECF}.Release|Any CPU.ActiveCfg = Release|Any CPU
		{D0E154D4-CABC-4347-B1DD-28E2C6249ECF}.Release|Any CPU.Build.0 = Release|Any CPU
		{D0E154D4-CABC-4347-B1DD-28E2C6249ECF}.Release|x64.ActiveCfg = Release|Any CPU
		{D0E154D4-CABC-4347-B1DD-28E2C6249ECF}.Release|x64.Build.0 = Release|Any CPU
		{D0E154D4-CABC-4347-B1DD-28E2C6249ECF}.Release|x86.ActiveCfg = Release|Any CPU
		{D0E154D4-CABC-4347-B1DD-28E2C6249ECF}.Release|x86.Build.0 = Release|Any CPU
		{A2D487E7-25CF-4629-BC34-E59C420FEA60}.Debug|Any CPU.ActiveCfg = Debug|Any CPU
		{A2D487E7-25CF-4629-BC34-E59C420FEA60}.Debug|Any CPU.Build.0 = Debug|Any CPU
		{A2D487E7-25CF-4629-BC34-E59C420FEA60}.Debug|x64.ActiveCfg = Debug|Any CPU
		{A2D487E7-25CF-4629-BC34-E59C420FEA60}.Debug|x64.Build.0 = Debug|Any CPU
		{A2D487E7-25CF-4629-BC34-E59C420FEA60}.Debug|x86.ActiveCfg = Debug|Any CPU
		{A2D487E7-25CF-4629-BC34-E59C420FEA60}.Debug|x86.Build.0 = Debug|Any CPU
		{A2D487E7-25CF-4629-BC34-E59C420FEA60}.Release|Any CPU.ActiveCfg = Release|Any CPU
		{A2D487E7-25CF-4629-BC34-E59C420FEA60}.Release|Any CPU.Build.0 = Release|Any CPU
		{A2D487E7-25CF-4629-BC34-E59C420FEA60}.Release|x64.ActiveCfg = Release|Any CPU
		{A2D487E7-25CF-4629-BC34-E59C420FEA60}.Release|x64.Build.0 = Release|Any CPU
		{A2D487E7-25CF-4629-BC34-E59C420FEA60}.Release|x86.ActiveCfg = Release|Any CPU
		{A2D487E7-25CF-4629-BC34-E59C420FEA60}.Release|x86.Build.0 = Release|Any CPU
		{DFF4C8D5-1E65-4D3C-A478-15D02E9CD9EE}.Debug|Any CPU.ActiveCfg = Debug|Any CPU
		{DFF4C8D5-1E65-4D3C-A478-15D02E9CD9EE}.Debug|Any CPU.Build.0 = Debug|Any CPU
		{DFF4C8D5-1E65-4D3C-A478-15D02E9CD9EE}.Debug|x64.ActiveCfg = Debug|Any CPU
		{DFF4C8D5-1E65-4D3C-A478-15D02E9CD9EE}.Debug|x64.Build.0 = Debug|Any CPU
		{DFF4C8D5-1E65-4D3C-A478-15D02E9CD9EE}.Debug|x86.ActiveCfg = Debug|Any CPU
		{DFF4C8D5-1E65-4D3C-A478-15D02E9CD9EE}.Debug|x86.Build.0 = Debug|Any CPU
		{DFF4C8D5-1E65-4D3C-A478-15D02E9CD9EE}.Release|Any CPU.ActiveCfg = Release|Any CPU
		{DFF4C8D5-1E65-4D3C-A478-15D02E9CD9EE}.Release|Any CPU.Build.0 = Release|Any CPU
		{DFF4C8D5-1E65-4D3C-A478-15D02E9CD9EE}.Release|x64.ActiveCfg = Release|Any CPU
		{DFF4C8D5-1E65-4D3C-A478-15D02E9CD9EE}.Release|x64.Build.0 = Release|Any CPU
		{DFF4C8D5-1E65-4D3C-A478-15D02E9CD9EE}.Release|x86.ActiveCfg = Release|Any CPU
		{DFF4C8D5-1E65-4D3C-A478-15D02E9CD9EE}.Release|x86.Build.0 = Release|Any CPU
	EndGlobalSection
	GlobalSection(NestedProjects) = preSolution
		{D0E154D4-CABC-4347-B1DD-28E2C6249ECF} = {87730E13-E8A3-4C9E-868C-AA00B99E88BB}
		{A2D487E7-25CF-4629-BC34-E59C420FEA60} = {87730E13-E8A3-4C9E-868C-AA00B99E88BB}
		{DFF4C8D5-1E65-4D3C-A478-15D02E9CD9EE} = {D6E8E1B4-3C61-4274-A2A4-187538BAB709}
	EndGlobalSection
EndGlobal
