
Microsoft Visual Studio Solution File, Format Version 12.00
# Visual Studio 15
VisualStudioVersion = 15.0.26124.0
MinimumVisualStudioVersion = 15.0.26124.0
Project("{FAE04EC0-301F-11D3-BF4B-00C04F79EFBC}") = "Tests", "Tests\Tests.csproj", "{3C44A15A-C543-4111-82FF-B91B37028927}"
EndProject
Project("{FAE04EC0-301F-11D3-BF4B-00C04F79EFBC}") = "TTTCore", "TTTCore\TTTCore.csproj", "{122C3D19-1032-4E30-BEE7-40012F16E042}"
EndProject
Project("{FAE04EC0-301F-11D3-BF4B-00C04F79EFBC}") = "TTTGame", "TTTGame\TTTGame.csproj", "{AA159615-D309-416C-A40D-2608FD1A628D}"
EndProject
Project("{FAE04EC0-301F-11D3-BF4B-00C04F79EFBC}") = "IntegrationTests", "IntegrationTests\IntegrationTests.csproj", "{C5D92464-3B8D-4B8A-95E1-2B760134F0FD}"
EndProject
Global
	GlobalSection(SolutionConfigurationPlatforms) = preSolution
		Debug|Any CPU = Debug|Any CPU
		Debug|x64 = Debug|x64
		Debug|x86 = Debug|x86
		Release|Any CPU = Release|Any CPU
		Release|x64 = Release|x64
		Release|x86 = Release|x86
	EndGlobalSection
	GlobalSection(SolutionProperties) = preSolution
		HideSolutionNode = FALSE
	EndGlobalSection
	GlobalSection(ProjectConfigurationPlatforms) = postSolution
		{3C44A15A-C543-4111-82FF-B91B37028927}.Debug|Any CPU.ActiveCfg = Debug|Any CPU
		{3C44A15A-C543-4111-82FF-B91B37028927}.Debug|Any CPU.Build.0 = Debug|Any CPU
		{3C44A15A-C543-4111-82FF-B91B37028927}.Debug|x64.ActiveCfg = Debug|Any CPU
		{3C44A15A-C543-4111-82FF-B91B37028927}.Debug|x64.Build.0 = Debug|Any CPU
		{3C44A15A-C543-4111-82FF-B91B37028927}.Debug|x86.ActiveCfg = Debug|Any CPU
		{3C44A15A-C543-4111-82FF-B91B37028927}.Debug|x86.Build.0 = Debug|Any CPU
		{3C44A15A-C543-4111-82FF-B91B37028927}.Release|Any CPU.ActiveCfg = Release|Any CPU
		{3C44A15A-C543-4111-82FF-B91B37028927}.Release|Any CPU.Build.0 = Release|Any CPU
		{3C44A15A-C543-4111-82FF-B91B37028927}.Release|x64.ActiveCfg = Release|Any CPU
		{3C44A15A-C543-4111-82FF-B91B37028927}.Release|x64.Build.0 = Release|Any CPU
		{3C44A15A-C543-4111-82FF-B91B37028927}.Release|x86.ActiveCfg = Release|Any CPU
		{3C44A15A-C543-4111-82FF-B91B37028927}.Release|x86.Build.0 = Release|Any CPU
		{122C3D19-1032-4E30-BEE7-40012F16E042}.Debug|Any CPU.ActiveCfg = Debug|Any CPU
		{122C3D19-1032-4E30-BEE7-40012F16E042}.Debug|Any CPU.Build.0 = Debug|Any CPU
		{122C3D19-1032-4E30-BEE7-40012F16E042}.Debug|x64.ActiveCfg = Debug|Any CPU
		{122C3D19-1032-4E30-BEE7-40012F16E042}.Debug|x64.Build.0 = Debug|Any CPU
		{122C3D19-1032-4E30-BEE7-40012F16E042}.Debug|x86.ActiveCfg = Debug|Any CPU
		{122C3D19-1032-4E30-BEE7-40012F16E042}.Debug|x86.Build.0 = Debug|Any CPU
		{122C3D19-1032-4E30-BEE7-40012F16E042}.Release|Any CPU.ActiveCfg = Release|Any CPU
		{122C3D19-1032-4E30-BEE7-40012F16E042}.Release|Any CPU.Build.0 = Release|Any CPU
		{122C3D19-1032-4E30-BEE7-40012F16E042}.Release|x64.ActiveCfg = Release|Any CPU
		{122C3D19-1032-4E30-BEE7-40012F16E042}.Release|x64.Build.0 = Release|Any CPU
		{122C3D19-1032-4E30-BEE7-40012F16E042}.Release|x86.ActiveCfg = Release|Any CPU
		{122C3D19-1032-4E30-BEE7-40012F16E042}.Release|x86.Build.0 = Release|Any CPU
		{AA159615-D309-416C-A40D-2608FD1A628D}.Debug|Any CPU.ActiveCfg = Debug|Any CPU
		{AA159615-D309-416C-A40D-2608FD1A628D}.Debug|Any CPU.Build.0 = Debug|Any CPU
		{AA159615-D309-416C-A40D-2608FD1A628D}.Debug|x64.ActiveCfg = Debug|Any CPU
		{AA159615-D309-416C-A40D-2608FD1A628D}.Debug|x64.Build.0 = Debug|Any CPU
		{AA159615-D309-416C-A40D-2608FD1A628D}.Debug|x86.ActiveCfg = Debug|Any CPU
		{AA159615-D309-416C-A40D-2608FD1A628D}.Debug|x86.Build.0 = Debug|Any CPU
		{AA159615-D309-416C-A40D-2608FD1A628D}.Release|Any CPU.ActiveCfg = Release|Any CPU
		{AA159615-D309-416C-A40D-2608FD1A628D}.Release|Any CPU.Build.0 = Release|Any CPU
		{AA159615-D309-416C-A40D-2608FD1A628D}.Release|x64.ActiveCfg = Release|Any CPU
		{AA159615-D309-416C-A40D-2608FD1A628D}.Release|x64.Build.0 = Release|Any CPU
		{AA159615-D309-416C-A40D-2608FD1A628D}.Release|x86.ActiveCfg = Release|Any CPU
		{AA159615-D309-416C-A40D-2608FD1A628D}.Release|x86.Build.0 = Release|Any CPU
		{C5D92464-3B8D-4B8A-95E1-2B760134F0FD}.Debug|Any CPU.ActiveCfg = Debug|Any CPU
		{C5D92464-3B8D-4B8A-95E1-2B760134F0FD}.Debug|Any CPU.Build.0 = Debug|Any CPU
		{C5D92464-3B8D-4B8A-95E1-2B760134F0FD}.Debug|x64.ActiveCfg = Debug|Any CPU
		{C5D92464-3B8D-4B8A-95E1-2B760134F0FD}.Debug|x64.Build.0 = Debug|Any CPU
		{C5D92464-3B8D-4B8A-95E1-2B760134F0FD}.Debug|x86.ActiveCfg = Debug|Any CPU
		{C5D92464-3B8D-4B8A-95E1-2B760134F0FD}.Debug|x86.Build.0 = Debug|Any CPU
		{C5D92464-3B8D-4B8A-95E1-2B760134F0FD}.Release|Any CPU.ActiveCfg = Release|Any CPU
		{C5D92464-3B8D-4B8A-95E1-2B760134F0FD}.Release|Any CPU.Build.0 = Release|Any CPU
		{C5D92464-3B8D-4B8A-95E1-2B760134F0FD}.Release|x64.ActiveCfg = Release|Any CPU
		{C5D92464-3B8D-4B8A-95E1-2B760134F0FD}.Release|x64.Build.0 = Release|Any CPU
		{C5D92464-3B8D-4B8A-95E1-2B760134F0FD}.Release|x86.ActiveCfg = Release|Any CPU
		{C5D92464-3B8D-4B8A-95E1-2B760134F0FD}.Release|x86.Build.0 = Release|Any CPU
	EndGlobalSection
EndGlobal
